
Microsoft Visual Studio Solution File, Format Version 12.00
# Visual Studio Version 17
VisualStudioVersion = 17.0.32112.339
MinimumVisualStudioVersion = 10.0.40219.1
Project("{FAE04EC0-301F-11D3-BF4B-00C04F79EFBC}") = "Demo_Static_Keyword", "Demo_Static_Keyword\Demo_Static_Keyword.csproj", "{7B322797-BF2E-4956-98D1-E7669CD0BBCC}"
EndProject
Global
	GlobalSection(SolutionConfigurationPlatforms) = preSolution
		Debug|Any CPU = Debug|Any CPU
		Release|Any CPU = Release|Any CPU
	EndGlobalSection
	GlobalSection(ProjectConfigurationPlatforms) = postSolution
		{7B322797-BF2E-4956-98D1-E7669CD0BBCC}.Debug|Any CPU.ActiveCfg = Debug|Any CPU
		{7B322797-BF2E-4956-98D1-E7669CD0BBCC}.Debug|Any CPU.Build.0 = Debug|Any CPU
		{7B322797-BF2E-4956-98D1-E7669CD0BBCC}.Release|Any CPU.ActiveCfg = Release|Any CPU
		{7B322797-BF2E-4956-98D1-E7669CD0BBCC}.Release|Any CPU.Build.0 = Release|Any CPU
	EndGlobalSection
	GlobalSection(SolutionProperties) = preSolution
		HideSolutionNode = FALSE
	EndGlobalSection
	GlobalSection(ExtensibilityGlobals) = postSolution
		SolutionGuid = {42D0F7AA-67C7-4644-9C38-B8CCE5512F42}
	EndGlobalSection
EndGlobal
