
Microsoft Visual Studio Solution File, Format Version 12.00
# Visual Studio Version 17
VisualStudioVersion = 17.0.32112.339
MinimumVisualStudioVersion = 10.0.40219.1
Project("{FAE04EC0-301F-11D3-BF4B-00C04F79EFBC}") = "Jan27thPrj", "Jan27thPrj\Jan27thPrj.csproj", "{F39E7C47-4A28-47F4-923D-7D87A1EC6D1B}"
EndProject
Global
	GlobalSection(SolutionConfigurationPlatforms) = preSolution
		Debug|Any CPU = Debug|Any CPU
		Release|Any CPU = Release|Any CPU
	EndGlobalSection
	GlobalSection(ProjectConfigurationPlatforms) = postSolution
		{F39E7C47-4A28-47F4-923D-7D87A1EC6D1B}.Debug|Any CPU.ActiveCfg = Debug|Any CPU
		{F39E7C47-4A28-47F4-923D-7D87A1EC6D1B}.Debug|Any CPU.Build.0 = Debug|Any CPU
		{F39E7C47-4A28-47F4-923D-7D87A1EC6D1B}.Release|Any CPU.ActiveCfg = Release|Any CPU
		{F39E7C47-4A28-47F4-923D-7D87A1EC6D1B}.Release|Any CPU.Build.0 = Release|Any CPU
	EndGlobalSection
	GlobalSection(SolutionProperties) = preSolution
		HideSolutionNode = FALSE
	EndGlobalSection
	GlobalSection(ExtensibilityGlobals) = postSolution
		SolutionGuid = {28BED655-EF33-417E-88F4-099360CF07FE}
	EndGlobalSection
EndGlobal
