
Microsoft Visual Studio Solution File, Format Version 12.00
# Visual Studio Version 17
VisualStudioVersion = 17.0.32112.339
MinimumVisualStudioVersion = 10.0.40219.1
Project("{FAE04EC0-301F-11D3-BF4B-00C04F79EFBC}") = "StrReverse", "StrReverse\StrReverse.csproj", "{8052E6A0-8C71-4CB3-9795-63888C467947}"
EndProject
Global
	GlobalSection(SolutionConfigurationPlatforms) = preSolution
		Debug|Any CPU = Debug|Any CPU
		Release|Any CPU = Release|Any CPU
	EndGlobalSection
	GlobalSection(ProjectConfigurationPlatforms) = postSolution
		{8052E6A0-8C71-4CB3-9795-63888C467947}.Debug|Any CPU.ActiveCfg = Debug|Any CPU
		{8052E6A0-8C71-4CB3-9795-63888C467947}.Debug|Any CPU.Build.0 = Debug|Any CPU
		{8052E6A0-8C71-4CB3-9795-63888C467947}.Release|Any CPU.ActiveCfg = Release|Any CPU
		{8052E6A0-8C71-4CB3-9795-63888C467947}.Release|Any CPU.Build.0 = Release|Any CPU
	EndGlobalSection
	GlobalSection(SolutionProperties) = preSolution
		HideSolutionNode = FALSE
	EndGlobalSection
	GlobalSection(ExtensibilityGlobals) = postSolution
		SolutionGuid = {61B75FD5-D9F1-41AF-B4DF-1210C589F82F}
	EndGlobalSection
EndGlobal
