
Microsoft Visual Studio Solution File, Format Version 12.00
# Visual Studio Version 17
VisualStudioVersion = 17.0.32112.339
MinimumVisualStudioVersion = 10.0.40219.1
Project("{FAE04EC0-301F-11D3-BF4B-00C04F79EFBC}") = "UnitTestProject1_MSTest", "UnitTestProject1_MSTest\UnitTestProject1_MSTest.csproj", "{C9C9C84A-36AF-4A97-A9DD-70A5A795CA5E}"
EndProject
Global
	GlobalSection(SolutionConfigurationPlatforms) = preSolution
		Debug|Any CPU = Debug|Any CPU
		Release|Any CPU = Release|Any CPU
	EndGlobalSection
	GlobalSection(ProjectConfigurationPlatforms) = postSolution
		{C9C9C84A-36AF-4A97-A9DD-70A5A795CA5E}.Debug|Any CPU.ActiveCfg = Debug|Any CPU
		{C9C9C84A-36AF-4A97-A9DD-70A5A795CA5E}.Debug|Any CPU.Build.0 = Debug|Any CPU
		{C9C9C84A-36AF-4A97-A9DD-70A5A795CA5E}.Release|Any CPU.ActiveCfg = Release|Any CPU
		{C9C9C84A-36AF-4A97-A9DD-70A5A795CA5E}.Release|Any CPU.Build.0 = Release|Any CPU
	EndGlobalSection
	GlobalSection(SolutionProperties) = preSolution
		HideSolutionNode = FALSE
	EndGlobalSection
	GlobalSection(ExtensibilityGlobals) = postSolution
		SolutionGuid = {F7E5923D-2E60-4A1C-BCF5-976C792517DC}
	EndGlobalSection
EndGlobal
