
Microsoft Visual Studio Solution File, Format Version 12.00
# Visual Studio Version 17
VisualStudioVersion = 17.0.32112.339
MinimumVisualStudioVersion = 10.0.40219.1
Project("{FAE04EC0-301F-11D3-BF4B-00C04F79EFBC}") = "B_ConsoleDay2", "B_ConsoleDay2\B_ConsoleDay2.csproj", "{53FC067C-AFA4-4EEE-B205-297B49C9EA8A}"
EndProject
Global
	GlobalSection(SolutionConfigurationPlatforms) = preSolution
		Debug|Any CPU = Debug|Any CPU
		Release|Any CPU = Release|Any CPU
	EndGlobalSection
	GlobalSection(ProjectConfigurationPlatforms) = postSolution
		{53FC067C-AFA4-4EEE-B205-297B49C9EA8A}.Debug|Any CPU.ActiveCfg = Debug|Any CPU
		{53FC067C-AFA4-4EEE-B205-297B49C9EA8A}.Debug|Any CPU.Build.0 = Debug|Any CPU
		{53FC067C-AFA4-4EEE-B205-297B49C9EA8A}.Release|Any CPU.ActiveCfg = Release|Any CPU
		{53FC067C-AFA4-4EEE-B205-297B49C9EA8A}.Release|Any CPU.Build.0 = Release|Any CPU
	EndGlobalSection
	GlobalSection(SolutionProperties) = preSolution
		HideSolutionNode = FALSE
	EndGlobalSection
	GlobalSection(ExtensibilityGlobals) = postSolution
		SolutionGuid = {355DF731-BF5E-49DF-9DAD-39E0BE840431}
	EndGlobalSection
EndGlobal
