
Microsoft Visual Studio Solution File, Format Version 12.00
# Visual Studio Version 17
VisualStudioVersion = 17.0.32112.339
MinimumVisualStudioVersion = 10.0.40219.1
Project("{FAE04EC0-301F-11D3-BF4B-00C04F79EFBC}") = "Demo_Class", "Demo_Class\Demo_Class.csproj", "{EA8A89F4-B466-45B7-8C1A-2551BFD48099}"
EndProject
Global
	GlobalSection(SolutionConfigurationPlatforms) = preSolution
		Debug|Any CPU = Debug|Any CPU
		Release|Any CPU = Release|Any CPU
	EndGlobalSection
	GlobalSection(ProjectConfigurationPlatforms) = postSolution
		{EA8A89F4-B466-45B7-8C1A-2551BFD48099}.Debug|Any CPU.ActiveCfg = Debug|Any CPU
		{EA8A89F4-B466-45B7-8C1A-2551BFD48099}.Debug|Any CPU.Build.0 = Debug|Any CPU
		{EA8A89F4-B466-45B7-8C1A-2551BFD48099}.Release|Any CPU.ActiveCfg = Release|Any CPU
		{EA8A89F4-B466-45B7-8C1A-2551BFD48099}.Release|Any CPU.Build.0 = Release|Any CPU
	EndGlobalSection
	GlobalSection(SolutionProperties) = preSolution
		HideSolutionNode = FALSE
	EndGlobalSection
	GlobalSection(ExtensibilityGlobals) = postSolution
		SolutionGuid = {FC16AE2C-1ADB-4148-BF73-F2EB094F6E9E}
	EndGlobalSection
EndGlobal
