
Microsoft Visual Studio Solution File, Format Version 12.00
# Visual Studio Version 17
VisualStudioVersion = 17.0.32112.339
MinimumVisualStudioVersion = 10.0.40219.1
Project("{FAE04EC0-301F-11D3-BF4B-00C04F79EFBC}") = "StudentClass", "StudentClass\StudentClass.csproj", "{BAA98456-6634-4419-A6F3-339D4F2045EE}"
EndProject
Global
	GlobalSection(SolutionConfigurationPlatforms) = preSolution
		Debug|Any CPU = Debug|Any CPU
		Release|Any CPU = Release|Any CPU
	EndGlobalSection
	GlobalSection(ProjectConfigurationPlatforms) = postSolution
		{BAA98456-6634-4419-A6F3-339D4F2045EE}.Debug|Any CPU.ActiveCfg = Debug|Any CPU
		{BAA98456-6634-4419-A6F3-339D4F2045EE}.Debug|Any CPU.Build.0 = Debug|Any CPU
		{BAA98456-6634-4419-A6F3-339D4F2045EE}.Release|Any CPU.ActiveCfg = Release|Any CPU
		{BAA98456-6634-4419-A6F3-339D4F2045EE}.Release|Any CPU.Build.0 = Release|Any CPU
	EndGlobalSection
	GlobalSection(SolutionProperties) = preSolution
		HideSolutionNode = FALSE
	EndGlobalSection
	GlobalSection(ExtensibilityGlobals) = postSolution
		SolutionGuid = {9AF2B86A-0AF2-46E3-B5CA-6DB85E4F7B2F}
	EndGlobalSection
EndGlobal
