
Microsoft Visual Studio Solution File, Format Version 12.00
# Visual Studio Version 17
VisualStudioVersion = 17.0.32112.339
MinimumVisualStudioVersion = 10.0.40219.1
Project("{FAE04EC0-301F-11D3-BF4B-00C04F79EFBC}") = "StrWordLen", "StrWordLen\StrWordLen.csproj", "{87485041-F52B-424E-957B-B09A3B01F231}"
EndProject
Global
	GlobalSection(SolutionConfigurationPlatforms) = preSolution
		Debug|Any CPU = Debug|Any CPU
		Release|Any CPU = Release|Any CPU
	EndGlobalSection
	GlobalSection(ProjectConfigurationPlatforms) = postSolution
		{87485041-F52B-424E-957B-B09A3B01F231}.Debug|Any CPU.ActiveCfg = Debug|Any CPU
		{87485041-F52B-424E-957B-B09A3B01F231}.Debug|Any CPU.Build.0 = Debug|Any CPU
		{87485041-F52B-424E-957B-B09A3B01F231}.Release|Any CPU.ActiveCfg = Release|Any CPU
		{87485041-F52B-424E-957B-B09A3B01F231}.Release|Any CPU.Build.0 = Release|Any CPU
	EndGlobalSection
	GlobalSection(SolutionProperties) = preSolution
		HideSolutionNode = FALSE
	EndGlobalSection
	GlobalSection(ExtensibilityGlobals) = postSolution
		SolutionGuid = {B0D1BEAC-9503-454F-9623-787CB536C707}
	EndGlobalSection
EndGlobal
